
Microsoft Visual Studio Solution File, Format Version 12.00
# Visual Studio Version 16
VisualStudioVersion = 16.0.31205.134
MinimumVisualStudioVersion = 10.0.40219.1
Project("{FAE04EC0-301F-11D3-BF4B-00C04F79EFBC}") = "Labs", "Labs\Labs.csproj", "{B28CF0D0-1F73-457F-BCAE-77CF70FDC48A}"
EndProject
Global
	GlobalSection(SolutionConfigurationPlatforms) = preSolution
		Debug|Any CPU = Debug|Any CPU
		Release|Any CPU = Release|Any CPU
	EndGlobalSection
	GlobalSection(ProjectConfigurationPlatforms) = postSolution
		{B28CF0D0-1F73-457F-BCAE-77CF70FDC48A}.Debug|Any CPU.ActiveCfg = Debug|Any CPU
		{B28CF0D0-1F73-457F-BCAE-77CF70FDC48A}.Debug|Any CPU.Build.0 = Debug|Any CPU
		{B28CF0D0-1F73-457F-BCAE-77CF70FDC48A}.Release|Any CPU.ActiveCfg = Release|Any CPU
		{B28CF0D0-1F73-457F-BCAE-77CF70FDC48A}.Release|Any CPU.Build.0 = Release|Any CPU
	EndGlobalSection
	GlobalSection(SolutionProperties) = preSolution
		HideSolutionNode = FALSE
	EndGlobalSection
	GlobalSection(ExtensibilityGlobals) = postSolution
		SolutionGuid = {8A53AE98-FDD3-450B-B6B7-8A84519DB7F8}
	EndGlobalSection
EndGlobal
